// !$*UTF8*$!
{
	archiveVersion = 1;
	classes = {
	};
	objectVersion = 55;
	objects = {

/* Begin PBXBuildFile section */
		1D6402FA269D854100352B9D /* AppDelegate.swift in Sources */ = {isa = PBXBuildFile; fileRef = 1D6402F9269D854100352B9D /* AppDelegate.swift */; };
		1D6402FC269D854100352B9D /* SceneDelegate.swift in Sources */ = {isa = PBXBuildFile; fileRef = 1D6402FB269D854100352B9D /* SceneDelegate.swift */; };
		1D6402FE269D854100352B9D /* ViewController.swift in Sources */ = {isa = PBXBuildFile; fileRef = 1D6402FD269D854100352B9D /* ViewController.swift */; };
		1D640301269D854100352B9D /* Main.storyboard in Resources */ = {isa = PBXBuildFile; fileRef = 1D6402FF269D854100352B9D /* Main.storyboard */; };
		1D640303269D854200352B9D /* Assets.xcassets in Resources */ = {isa = PBXBuildFile; fileRef = 1D640302269D854200352B9D /* Assets.xcassets */; };
		1D640306269D854200352B9D /* LaunchScreen.storyboard in Resources */ = {isa = PBXBuildFile; fileRef = 1D640304269D854200352B9D /* LaunchScreen.storyboard */; };
		1D640310269D85F500352B9D /* BaseViewController.swift in Sources */ = {isa = PBXBuildFile; fileRef = 1D64030F269D85F500352B9D /* BaseViewController.swift */; };
		1D640314269D86FC00352B9D /* HomeViewController.swift in Sources */ = {isa = PBXBuildFile; fileRef = 1D640313269D86FC00352B9D /* HomeViewController.swift */; };
		1D93EC45269D8E1400E17400 /* Sizes.swift in Sources */ = {isa = PBXBuildFile; fileRef = 1D93EC44269D8E1400E17400 /* Sizes.swift */; };
		1D93EC48269D8E8800E17400 /* TopProduct.swift in Sources */ = {isa = PBXBuildFile; fileRef = 1D93EC47269D8E8800E17400 /* TopProduct.swift */; };
		1D93EC4B269D8F0700E17400 /* TopProductCell.swift in Sources */ = {isa = PBXBuildFile; fileRef = 1D93EC4A269D8F0700E17400 /* TopProductCell.swift */; };
		1D93EC4D269D945900E17400 /* CustomCategory.swift in Sources */ = {isa = PBXBuildFile; fileRef = 1D93EC4C269D945900E17400 /* CustomCategory.swift */; };
		1D93EC4F269D9D1100E17400 /* UIViewExt.swift in Sources */ = {isa = PBXBuildFile; fileRef = 1D93EC4E269D9D1100E17400 /* UIViewExt.swift */; };
		1D93EC51269DA96A00E17400 /* CarauselCollectionCell.swift in Sources */ = {isa = PBXBuildFile; fileRef = 1D93EC50269DA96A00E17400 /* CarauselCollectionCell.swift */; };
		1D93EC53269DAA5D00E17400 /* CarauselCollectionView.swift in Sources */ = {isa = PBXBuildFile; fileRef = 1D93EC52269DAA5D00E17400 /* CarauselCollectionView.swift */; };
		1D93EC59269DBB7900E17400 /* CategoryProtocol.swift in Sources */ = {isa = PBXBuildFile; fileRef = 1D93EC58269DBB7900E17400 /* CategoryProtocol.swift */; };
/* End PBXBuildFile section */

/* Begin PBXFileReference section */
		1D6402F6269D854100352B9D /* Shinto.app */ = {isa = PBXFileReference; explicitFileType = wrapper.application; includeInIndex = 0; path = Shinto.app; sourceTree = BUILT_PRODUCTS_DIR; };
		1D6402F9269D854100352B9D /* AppDelegate.swift */ = {isa = PBXFileReference; lastKnownFileType = sourcecode.swift; path = AppDelegate.swift; sourceTree = "<group>"; };
		1D6402FB269D854100352B9D /* SceneDelegate.swift */ = {isa = PBXFileReference; lastKnownFileType = sourcecode.swift; path = SceneDelegate.swift; sourceTree = "<group>"; };
		1D6402FD269D854100352B9D /* ViewController.swift */ = {isa = PBXFileReference; lastKnownFileType = sourcecode.swift; path = ViewController.swift; sourceTree = "<group>"; };
		1D640300269D854100352B9D /* Base */ = {isa = PBXFileReference; lastKnownFileType = file.storyboard; name = Base; path = Base.lproj/Main.storyboard; sourceTree = "<group>"; };
		1D640302269D854200352B9D /* Assets.xcassets */ = {isa = PBXFileReference; lastKnownFileType = folder.assetcatalog; path = Assets.xcassets; sourceTree = "<group>"; };
		1D640305269D854200352B9D /* Base */ = {isa = PBXFileReference; lastKnownFileType = file.storyboard; name = Base; path = Base.lproj/LaunchScreen.storyboard; sourceTree = "<group>"; };
		1D640307269D854200352B9D /* Info.plist */ = {isa = PBXFileReference; lastKnownFileType = text.plist.xml; path = Info.plist; sourceTree = "<group>"; };
		1D64030F269D85F500352B9D /* BaseViewController.swift */ = {isa = PBXFileReference; lastKnownFileType = sourcecode.swift; path = BaseViewController.swift; sourceTree = "<group>"; };
		1D640313269D86FC00352B9D /* HomeViewController.swift */ = {isa = PBXFileReference; lastKnownFileType = sourcecode.swift; path = HomeViewController.swift; sourceTree = "<group>"; };
		1D93EC44269D8E1400E17400 /* Sizes.swift */ = {isa = PBXFileReference; lastKnownFileType = sourcecode.swift; path = Sizes.swift; sourceTree = "<group>"; };
		1D93EC47269D8E8800E17400 /* TopProduct.swift */ = {isa = PBXFileReference; lastKnownFileType = sourcecode.swift; path = TopProduct.swift; sourceTree = "<group>"; };
		1D93EC4A269D8F0700E17400 /* TopProductCell.swift */ = {isa = PBXFileReference; lastKnownFileType = sourcecode.swift; path = TopProductCell.swift; sourceTree = "<group>"; };
		1D93EC4C269D945900E17400 /* CustomCategory.swift */ = {isa = PBXFileReference; lastKnownFileType = sourcecode.swift; path = CustomCategory.swift; sourceTree = "<group>"; };
		1D93EC4E269D9D1100E17400 /* UIViewExt.swift */ = {isa = PBXFileReference; lastKnownFileType = sourcecode.swift; path = UIViewExt.swift; sourceTree = "<group>"; };
		1D93EC50269DA96A00E17400 /* CarauselCollectionCell.swift */ = {isa = PBXFileReference; lastKnownFileType = sourcecode.swift; path = CarauselCollectionCell.swift; sourceTree = "<group>"; };
		1D93EC52269DAA5D00E17400 /* CarauselCollectionView.swift */ = {isa = PBXFileReference; lastKnownFileType = sourcecode.swift; path = CarauselCollectionView.swift; sourceTree = "<group>"; };
		1D93EC58269DBB7900E17400 /* CategoryProtocol.swift */ = {isa = PBXFileReference; lastKnownFileType = sourcecode.swift; path = CategoryProtocol.swift; sourceTree = "<group>"; };
/* End PBXFileReference section */

/* Begin PBXFrameworksBuildPhase section */
		1D6402F3269D854100352B9D /* Frameworks */ = {
			isa = PBXFrameworksBuildPhase;
			buildActionMask = 2147483647;
			files = (
			);
			runOnlyForDeploymentPostprocessing = 0;
		};
/* End PBXFrameworksBuildPhase section */

/* Begin PBXGroup section */
		1D6402ED269D854100352B9D = {
			isa = PBXGroup;
			children = (
				1D6402F8269D854100352B9D /* Shinto */,
				1D6402F7269D854100352B9D /* Products */,
			);
			sourceTree = "<group>";
		};
		1D6402F7269D854100352B9D /* Products */ = {
			isa = PBXGroup;
			children = (
				1D6402F6269D854100352B9D /* Shinto.app */,
			);
			name = Products;
			sourceTree = "<group>";
		};
		1D6402F8269D854100352B9D /* Shinto */ = {
			isa = PBXGroup;
			children = (
				1D93EC43269D8DFE00E17400 /* Utils */,
				1D93EC42269D8DF800E17400 /* Extension */,
				1D640311269D86E300352B9D /* HomeScreenPage */,
				1D64030D269D85D000352B9D /* Base */,
				1D6402F9269D854100352B9D /* AppDelegate.swift */,
				1D6402FB269D854100352B9D /* SceneDelegate.swift */,
				1D6402FD269D854100352B9D /* ViewController.swift */,
				1D6402FF269D854100352B9D /* Main.storyboard */,
				1D640302269D854200352B9D /* Assets.xcassets */,
				1D640304269D854200352B9D /* LaunchScreen.storyboard */,
				1D640307269D854200352B9D /* Info.plist */,
			);
			path = Shinto;
			sourceTree = "<group>";
		};
		1D64030D269D85D000352B9D /* Base */ = {
			isa = PBXGroup;
			children = (
				1D64030E269D85D500352B9D /* Controller */,
			);
			path = Base;
			sourceTree = "<group>";
		};
		1D64030E269D85D500352B9D /* Controller */ = {
			isa = PBXGroup;
			children = (
				1D64030F269D85F500352B9D /* BaseViewController.swift */,
			);
			path = Controller;
			sourceTree = "<group>";
		};
		1D640311269D86E300352B9D /* HomeScreenPage */ = {
			isa = PBXGroup;
			children = (
				1D93EC57269DBB6800E17400 /* Protocol */,
				1D640312269D86EC00352B9D /* Controller */,
				1D93EC49269D8EE000E17400 /* View */,
				1D93EC46269D8E7200E17400 /* Model */,
			);
			path = HomeScreenPage;
			sourceTree = "<group>";
		};
		1D640312269D86EC00352B9D /* Controller */ = {
			isa = PBXGroup;
			children = (
				1D640313269D86FC00352B9D /* HomeViewController.swift */,
			);
			path = Controller;
			sourceTree = "<group>";
		};
		1D93EC42269D8DF800E17400 /* Extension */ = {
			isa = PBXGroup;
			children = (
				1D93EC4E269D9D1100E17400 /* UIViewExt.swift */,
			);
			path = Extension;
			sourceTree = "<group>";
		};
		1D93EC43269D8DFE00E17400 /* Utils */ = {
			isa = PBXGroup;
			children = (
				1D93EC44269D8E1400E17400 /* Sizes.swift */,
			);
			path = Utils;
			sourceTree = "<group>";
		};
		1D93EC46269D8E7200E17400 /* Model */ = {
			isa = PBXGroup;
			children = (
				1D93EC47269D8E8800E17400 /* TopProduct.swift */,
			);
			path = Model;
			sourceTree = "<group>";
		};
		1D93EC49269D8EE000E17400 /* View */ = {
			isa = PBXGroup;
			children = (
				1D93EC4A269D8F0700E17400 /* TopProductCell.swift */,
				1D93EC4C269D945900E17400 /* CustomCategory.swift */,
				1D93EC52269DAA5D00E17400 /* CarauselCollectionView.swift */,
				1D93EC50269DA96A00E17400 /* CarauselCollectionCell.swift */,
			);
			path = View;
			sourceTree = "<group>";
		};
		1D93EC57269DBB6800E17400 /* Protocol */ = {
			isa = PBXGroup;
			children = (
				1D93EC58269DBB7900E17400 /* CategoryProtocol.swift */,
			);
			path = Protocol;
			sourceTree = "<group>";
		};
/* End PBXGroup section */

/* Begin PBXNativeTarget section */
		1D6402F5269D854100352B9D /* Shinto */ = {
			isa = PBXNativeTarget;
			buildConfigurationList = 1D64030A269D854200352B9D /* Build configuration list for PBXNativeTarget "Shinto" */;
			buildPhases = (
				1D6402F2269D854100352B9D /* Sources */,
				1D6402F3269D854100352B9D /* Frameworks */,
				1D6402F4269D854100352B9D /* Resources */,
			);
			buildRules = (
			);
			dependencies = (
			);
			name = Shinto;
			productName = Shinto;
			productReference = 1D6402F6269D854100352B9D /* Shinto.app */;
			productType = "com.apple.product-type.application";
		};
/* End PBXNativeTarget section */

/* Begin PBXProject section */
		1D6402EE269D854100352B9D /* Project object */ = {
			isa = PBXProject;
			attributes = {
				BuildIndependentTargetsInParallel = 1;
				LastSwiftUpdateCheck = 1300;
				LastUpgradeCheck = 1300;
				TargetAttributes = {
					1D6402F5269D854100352B9D = {
						CreatedOnToolsVersion = 13.0;
					};
				};
			};
			buildConfigurationList = 1D6402F1269D854100352B9D /* Build configuration list for PBXProject "Shinto" */;
			compatibilityVersion = "Xcode 13.0";
			developmentRegion = en;
			hasScannedForEncodings = 0;
			knownRegions = (
				en,
				Base,
			);
			mainGroup = 1D6402ED269D854100352B9D;
			productRefGroup = 1D6402F7269D854100352B9D /* Products */;
			projectDirPath = "";
			projectRoot = "";
			targets = (
				1D6402F5269D854100352B9D /* Shinto */,
			);
		};
/* End PBXProject section */

/* Begin PBXResourcesBuildPhase section */
		1D6402F4269D854100352B9D /* Resources */ = {
			isa = PBXResourcesBuildPhase;
			buildActionMask = 2147483647;
			files = (
				1D640306269D854200352B9D /* LaunchScreen.storyboard in Resources */,
				1D640303269D854200352B9D /* Assets.xcassets in Resources */,
				1D640301269D854100352B9D /* Main.storyboard in Resources */,
			);
			runOnlyForDeploymentPostprocessing = 0;
		};
/* End PBXResourcesBuildPhase section */

/* Begin PBXSourcesBuildPhase section */
		1D6402F2269D854100352B9D /* Sources */ = {
			isa = PBXSourcesBuildPhase;
			buildActionMask = 2147483647;
			files = (
				1D93EC45269D8E1400E17400 /* Sizes.swift in Sources */,
				1D640314269D86FC00352B9D /* HomeViewController.swift in Sources */,
				1D93EC4F269D9D1100E17400 /* UIViewExt.swift in Sources */,
				1D6402FE269D854100352B9D /* ViewController.swift in Sources */,
				1D93EC51269DA96A00E17400 /* CarauselCollectionCell.swift in Sources */,
				1D93EC4B269D8F0700E17400 /* TopProductCell.swift in Sources */,
				1D93EC59269DBB7900E17400 /* CategoryProtocol.swift in Sources */,
				1D93EC53269DAA5D00E17400 /* CarauselCollectionView.swift in Sources */,
				1D93EC48269D8E8800E17400 /* TopProduct.swift in Sources */,
				1D640310269D85F500352B9D /* BaseViewController.swift in Sources */,
				1D93EC4D269D945900E17400 /* CustomCategory.swift in Sources */,
				1D6402FA269D854100352B9D /* AppDelegate.swift in Sources */,
				1D6402FC269D854100352B9D /* SceneDelegate.swift in Sources */,
			);
			runOnlyForDeploymentPostprocessing = 0;
		};
/* End PBXSourcesBuildPhase section */

/* Begin PBXVariantGroup section */
		1D6402FF269D854100352B9D /* Main.storyboard */ = {
			isa = PBXVariantGroup;
			children = (
				1D640300269D854100352B9D /* Base */,
			);
			name = Main.storyboard;
			sourceTree = "<group>";
		};
		1D640304269D854200352B9D /* LaunchScreen.storyboard */ = {
			isa = PBXVariantGroup;
			children = (
				1D640305269D854200352B9D /* Base */,
			);
			name = LaunchScreen.storyboard;
			sourceTree = "<group>";
		};
/* End PBXVariantGroup section */

/* Begin XCBuildConfiguration section */
		1D640308269D854200352B9D /* Debug */ = {
			isa = XCBuildConfiguration;
			buildSettings = {
				ALWAYS_SEARCH_USER_PATHS = NO;
				CLANG_ANALYZER_NONNULL = YES;
				CLANG_ANALYZER_NUMBER_OBJECT_CONVERSION = YES_AGGRESSIVE;
				CLANG_CXX_LANGUAGE_STANDARD = "gnu++14";
				CLANG_CXX_LIBRARY = "libc++";
				CLANG_ENABLE_MODULES = YES;
				CLANG_ENABLE_OBJC_ARC = YES;
				CLANG_ENABLE_OBJC_WEAK = YES;
				CLANG_WARN_BLOCK_CAPTURE_AUTORELEASING = YES;
				CLANG_WARN_BOOL_CONVERSION = YES;
				CLANG_WARN_COMMA = YES;
				CLANG_WARN_CONSTANT_CONVERSION = YES;
				CLANG_WARN_DEPRECATED_OBJC_IMPLEMENTATIONS = YES;
				CLANG_WARN_DIRECT_OBJC_ISA_USAGE = YES_ERROR;
				CLANG_WARN_DOCUMENTATION_COMMENTS = YES;
				CLANG_WARN_EMPTY_BODY = YES;
				CLANG_WARN_ENUM_CONVERSION = YES;
				CLANG_WARN_INFINITE_RECURSION = YES;
				CLANG_WARN_INT_CONVERSION = YES;
				CLANG_WARN_NON_LITERAL_NULL_CONVERSION = YES;
				CLANG_WARN_OBJC_IMPLICIT_RETAIN_SELF = YES;
				CLANG_WARN_OBJC_LITERAL_CONVERSION = YES;
				CLANG_WARN_OBJC_ROOT_CLASS = YES_ERROR;
				CLANG_WARN_QUOTED_INCLUDE_IN_FRAMEWORK_HEADER = YES;
				CLANG_WARN_RANGE_LOOP_ANALYSIS = YES;
				CLANG_WARN_STRICT_PROTOTYPES = YES;
				CLANG_WARN_SUSPICIOUS_MOVE = YES;
				CLANG_WARN_UNGUARDED_AVAILABILITY = YES_AGGRESSIVE;
				CLANG_WARN_UNREACHABLE_CODE = YES;
				CLANG_WARN__DUPLICATE_METHOD_MATCH = YES;
				COPY_PHASE_STRIP = NO;
				DEBUG_INFORMATION_FORMAT = dwarf;
				ENABLE_STRICT_OBJC_MSGSEND = YES;
				ENABLE_TESTABILITY = YES;
				GCC_C_LANGUAGE_STANDARD = gnu11;
				GCC_DYNAMIC_NO_PIC = NO;
				GCC_NO_COMMON_BLOCKS = YES;
				GCC_OPTIMIZATION_LEVEL = 0;
				GCC_PREPROCESSOR_DEFINITIONS = (
					"DEBUG=1",
					"$(inherited)",
				);
				GCC_WARN_64_TO_32_BIT_CONVERSION = YES;
				GCC_WARN_ABOUT_RETURN_TYPE = YES_ERROR;
				GCC_WARN_UNDECLARED_SELECTOR = YES;
				GCC_WARN_UNINITIALIZED_AUTOS = YES_AGGRESSIVE;
				GCC_WARN_UNUSED_FUNCTION = YES;
				GCC_WARN_UNUSED_VARIABLE = YES;
				IPHONEOS_DEPLOYMENT_TARGET = 15.0;
				MTL_ENABLE_DEBUG_INFO = INCLUDE_SOURCE;
				MTL_FAST_MATH = YES;
				ONLY_ACTIVE_ARCH = YES;
				SDKROOT = iphoneos;
				SWIFT_ACTIVE_COMPILATION_CONDITIONS = DEBUG;
				SWIFT_OPTIMIZATION_LEVEL = "-Onone";
			};
			name = Debug;
		};
		1D640309269D854200352B9D /* Release */ = {
			isa = XCBuildConfiguration;
			buildSettings = {
				ALWAYS_SEARCH_USER_PATHS = NO;
				CLANG_ANALYZER_NONNULL = YES;
				CLANG_ANALYZER_NUMBER_OBJECT_CONVERSION = YES_AGGRESSIVE;
				CLANG_CXX_LANGUAGE_STANDARD = "gnu++14";
				CLANG_CXX_LIBRARY = "libc++";
				CLANG_ENABLE_MODULES = YES;
				CLANG_ENABLE_OBJC_ARC = YES;
				CLANG_ENABLE_OBJC_WEAK = YES;
				CLANG_WARN_BLOCK_CAPTURE_AUTORELEASING = YES;
				CLANG_WARN_BOOL_CONVERSION = YES;
				CLANG_WARN_COMMA = YES;
				CLANG_WARN_CONSTANT_CONVERSION = YES;
				CLANG_WARN_DEPRECATED_OBJC_IMPLEMENTATIONS = YES;
				CLANG_WARN_DIRECT_OBJC_ISA_USAGE = YES_ERROR;
				CLANG_WARN_DOCUMENTATION_COMMENTS = YES;
				CLANG_WARN_EMPTY_BODY = YES;
				CLANG_WARN_ENUM_CONVERSION = YES;
				CLANG_WARN_INFINITE_RECURSION = YES;
				CLANG_WARN_INT_CONVERSION = YES;
				CLANG_WARN_NON_LITERAL_NULL_CONVERSION = YES;
				CLANG_WARN_OBJC_IMPLICIT_RETAIN_SELF = YES;
				CLANG_WARN_OBJC_LITERAL_CONVERSION = YES;
				CLANG_WARN_OBJC_ROOT_CLASS = YES_ERROR;
				CLANG_WARN_QUOTED_INCLUDE_IN_FRAMEWORK_HEADER = YES;
				CLANG_WARN_RANGE_LOOP_ANALYSIS = YES;
				CLANG_WARN_STRICT_PROTOTYPES = YES;
				CLANG_WARN_SUSPICIOUS_MOVE = YES;
				CLANG_WARN_UNGUARDED_AVAILABILITY = YES_AGGRESSIVE;
				CLANG_WARN_UNREACHABLE_CODE = YES;
				CLANG_WARN__DUPLICATE_METHOD_MATCH = YES;
				COPY_PHASE_STRIP = NO;
				DEBUG_INFORMATION_FORMAT = "dwarf-with-dsym";
				ENABLE_NS_ASSERTIONS = NO;
				ENABLE_STRICT_OBJC_MSGSEND = YES;
				GCC_C_LANGUAGE_STANDARD = gnu11;
				GCC_NO_COMMON_BLOCKS = YES;
				GCC_WARN_64_TO_32_BIT_CONVERSION = YES;
				GCC_WARN_ABOUT_RETURN_TYPE = YES_ERROR;
				GCC_WARN_UNDECLARED_SELECTOR = YES;
				GCC_WARN_UNINITIALIZED_AUTOS = YES_AGGRESSIVE;
				GCC_WARN_UNUSED_FUNCTION = YES;
				GCC_WARN_UNUSED_VARIABLE = YES;
				IPHONEOS_DEPLOYMENT_TARGET = 15.0;
				MTL_ENABLE_DEBUG_INFO = NO;
				MTL_FAST_MATH = YES;
				SDKROOT = iphoneos;
				SWIFT_COMPILATION_MODE = wholemodule;
				SWIFT_OPTIMIZATION_LEVEL = "-O";
				VALIDATE_PRODUCT = YES;
			};
			name = Release;
		};
		1D64030B269D854200352B9D /* Debug */ = {
			isa = XCBuildConfiguration;
			buildSettings = {
				ASSETCATALOG_COMPILER_APPICON_NAME = AppIcon;
				ASSETCATALOG_COMPILER_GLOBAL_ACCENT_COLOR_NAME = AccentColor;
				CODE_SIGN_STYLE = Automatic;
				CURRENT_PROJECT_VERSION = 1;
				GENERATE_INFOPLIST_FILE = YES;
				INFOPLIST_FILE = Shinto/Info.plist;
				INFOPLIST_KEY_CFBundleExecutable = Shinto;
				INFOPLIST_KEY_CFBundleName = Shinto;
				INFOPLIST_KEY_CFBundleVersion = 1;
				INFOPLIST_KEY_UIApplicationSupportsIndirectInputEvents = YES;
				INFOPLIST_KEY_UILaunchStoryboardName = LaunchScreen;
				INFOPLIST_KEY_UIMainStoryboardFile = Main;
				INFOPLIST_KEY_UIStatusBarHidden = NO;
				INFOPLIST_KEY_UISupportedInterfaceOrientations = UIInterfaceOrientationPortrait;
				INFOPLIST_KEY_UISupportedInterfaceOrientations_iPad = "UIInterfaceOrientationPortrait UIInterfaceOrientationPortraitUpsideDown UIInterfaceOrientationLandscapeLeft UIInterfaceOrientationLandscapeRight";
				INFOPLIST_KEY_UISupportedInterfaceOrientations_iPhone = "UIInterfaceOrientationPortrait UIInterfaceOrientationLandscapeLeft UIInterfaceOrientationLandscapeRight";
				LD_RUNPATH_SEARCH_PATHS = (
					"$(inherited)",
					"@executable_path/Frameworks",
				);
				MARKETING_VERSION = 1.0;
				PRODUCT_BUNDLE_IDENTIFIER = hitarth.Shinto;
				PRODUCT_NAME = "$(TARGET_NAME)";
				SWIFT_EMIT_LOC_STRINGS = YES;
				SWIFT_VERSION = 5.0;
				TARGETED_DEVICE_FAMILY = 1;
			};
			name = Debug;
		};
		1D64030C269D854200352B9D /* Release */ = {
			isa = XCBuildConfiguration;
			buildSettings = {
				ASSETCATALOG_COMPILER_APPICON_NAME = AppIcon;
				ASSETCATALOG_COMPILER_GLOBAL_ACCENT_COLOR_NAME = AccentColor;
				CODE_SIGN_STYLE = Automatic;
				CURRENT_PROJECT_VERSION = 1;
				GENERATE_INFOPLIST_FILE = YES;
				INFOPLIST_FILE = Shinto/Info.plist;
				INFOPLIST_KEY_CFBundleExecutable = Shinto;
				INFOPLIST_KEY_CFBundleName = Shinto;
				INFOPLIST_KEY_CFBundleVersion = 1;
				INFOPLIST_KEY_UIApplicationSupportsIndirectInputEvents = YES;
				INFOPLIST_KEY_UILaunchStoryboardName = LaunchScreen;
				INFOPLIST_KEY_UIMainStoryboardFile = Main;
				INFOPLIST_KEY_UIStatusBarHidden = NO;
				INFOPLIST_KEY_UISupportedInterfaceOrientations = UIInterfaceOrientationPortrait;
				INFOPLIST_KEY_UISupportedInterfaceOrientations_iPad = "UIInterfaceOrientationPortrait UIInterfaceOrientationPortraitUpsideDown UIInterfaceOrientationLandscapeLeft UIInterfaceOrientationLandscapeRight";
				INFOPLIST_KEY_UISupportedInterfaceOrientations_iPhone = "UIInterfaceOrientationPortrait UIInterfaceOrientationLandscapeLeft UIInterfaceOrientationLandscapeRight";
				LD_RUNPATH_SEARCH_PATHS = (
					"$(inherited)",
					"@executable_path/Frameworks",
				);
				MARKETING_VERSION = 1.0;
				PRODUCT_BUNDLE_IDENTIFIER = hitarth.Shinto;
				PRODUCT_NAME = "$(TARGET_NAME)";
				SWIFT_EMIT_LOC_STRINGS = YES;
				SWIFT_VERSION = 5.0;
				TARGETED_DEVICE_FAMILY = 1;
			};
			name = Release;
		};
/* End XCBuildConfiguration section */

/* Begin XCConfigurationList section */
		1D6402F1269D854100352B9D /* Build configuration list for PBXProject "Shinto" */ = {
			isa = XCConfigurationList;
			buildConfigurations = (
				1D640308269D854200352B9D /* Debug */,
				1D640309269D854200352B9D /* Release */,
			);
			defaultConfigurationIsVisible = 0;
			defaultConfigurationName = Release;
		};
		1D64030A269D854200352B9D /* Build configuration list for PBXNativeTarget "Shinto" */ = {
			isa = XCConfigurationList;
			buildConfigurations = (
				1D64030B269D854200352B9D /* Debug */,
				1D64030C269D854200352B9D /* Release */,
			);
			defaultConfigurationIsVisible = 0;
			defaultConfigurationName = Release;
		};
/* End XCConfigurationList section */
	};
	rootObject = 1D6402EE269D854100352B9D /* Project object */;
}
